<Solution>
  <Project Path="CaixaProjeto.ApiService/CaixaProjeto.ApiService.csproj" />
  <Project Path="CaixaProjeto.ApiTests/CaixaProjeto.ApiTests.csproj" />
  <Project Path="CaixaProjeto.AppHost/CaixaProjeto.AppHost.csproj" />
  <Project Path="CaixaProjeto.Core/CaixaProjeto.Core.csproj" />
  <Project Path="CaixaProjeto.ServiceDefaults/CaixaProjeto.ServiceDefaults.csproj" />
  <Project Path="CaixaProjeto.Tests/CaixaProjeto.Tests.csproj" />
  <Project Path="CaixaProjeto.UnitTests/CaixaProjeto.UnitTests.csproj" />
  <Project Path="CaixaProjeto.Web/CaixaProjeto.Web.csproj" />
  <Project Path="CaixaProjeto.WebTests/CaixaProjeto.WebTests.csproj" />
</Solution>
